
Microsoft Visual Studio Solution File, Format Version 12.00
# Visual Studio Version 16
VisualStudioVersion = 16.0.28729.10
MinimumVisualStudioVersion = 10.0.40219.1
Project("{FAE04EC0-301F-11D3-BF4B-00C04F79EFBC}") = "Student", "Student\Student.csproj", "{B42DA8C0-0F58-4CD8-B5D3-678E06AF3B6A}"
EndProject
Global
	GlobalSection(SolutionConfigurationPlatforms) = preSolution
		Debug|Any CPU = Debug|Any CPU
		Release|Any CPU = Release|Any CPU
	EndGlobalSection
	GlobalSection(ProjectConfigurationPlatforms) = postSolution
		{B42DA8C0-0F58-4CD8-B5D3-678E06AF3B6A}.Debug|Any CPU.ActiveCfg = Debug|Any CPU
		{B42DA8C0-0F58-4CD8-B5D3-678E06AF3B6A}.Debug|Any CPU.Build.0 = Debug|Any CPU
		{B42DA8C0-0F58-4CD8-B5D3-678E06AF3B6A}.Release|Any CPU.ActiveCfg = Release|Any CPU
		{B42DA8C0-0F58-4CD8-B5D3-678E06AF3B6A}.Release|Any CPU.Build.0 = Release|Any CPU
	EndGlobalSection
	GlobalSection(SolutionProperties) = preSolution
		HideSolutionNode = FALSE
	EndGlobalSection
	GlobalSection(ExtensibilityGlobals) = postSolution
		SolutionGuid = {F8E1584C-FDDC-4370-8A59-5EED2CAAC341}
	EndGlobalSection
EndGlobal
